# This file was autogenerated by Stack.
# You should not edit this file by hand.
# For more information, please see the documentation at:
#   https://docs.haskellstack.org/en/stable/lock_files

packages: []
snapshots:
- completed:
    size: 424561
    url: https://raw.githubusercontent.com/commercialhaskell/stackage-snapshots/master/lts/6/26.yaml
    sha256: 34459967c715a587ef34465cd0da0e16cbca1f9080e04e0761f3a0d29913d091
  original: lts-6.26
